
Microsoft Visual Studio Solution File, Format Version 12.00
# Visual Studio Version 17
VisualStudioVersion = 17.5.002.0
MinimumVisualStudioVersion = 10.0.40219.1
Project("{2150E333-8FDC-42A3-9474-1A3956D46DE8}") = "src", "src", "{C6D1AB20-B3B6-4E40-9E5D-DE171B052605}"
EndProject
Project("{9A19103F-16F7-4668-BE54-9A1E7A4F7556}") = "consumer", "src\Consumer\consumer.csproj", "{CBFB077A-93C9-48C9-BEAD-AAB44074D1A8}"
EndProject
Global
	GlobalSection(SolutionConfigurationPlatforms) = preSolution
		Debug|Any CPU = Debug|Any CPU
		Release|Any CPU = Release|Any CPU
	EndGlobalSection
	GlobalSection(ProjectConfigurationPlatforms) = postSolution
		{CBFB077A-93C9-48C9-BEAD-AAB44074D1A8}.Debug|Any CPU.ActiveCfg = Debug|Any CPU
		{CBFB077A-93C9-48C9-BEAD-AAB44074D1A8}.Debug|Any CPU.Build.0 = Debug|Any CPU
		{CBFB077A-93C9-48C9-BEAD-AAB44074D1A8}.Release|Any CPU.ActiveCfg = Release|Any CPU
		{CBFB077A-93C9-48C9-BEAD-AAB44074D1A8}.Release|Any CPU.Build.0 = Release|Any CPU
	EndGlobalSection
	GlobalSection(SolutionProperties) = preSolution
		HideSolutionNode = FALSE
	EndGlobalSection
	GlobalSection(NestedProjects) = preSolution
		{CBFB077A-93C9-48C9-BEAD-AAB44074D1A8} = {C6D1AB20-B3B6-4E40-9E5D-DE171B052605}
	EndGlobalSection
	GlobalSection(ExtensibilityGlobals) = postSolution
		SolutionGuid = {EC64FD2C-305A-4E64-9BB3-149A4971C40D}
	EndGlobalSection
EndGlobal
